
Microsoft Visual Studio Solution File, Format Version 12.00
Project("{FAE04EC0-301F-11D3-BF4B-00C04F79EFBC}") = "ErrVal", "ErrVal\ErrVal.csproj", "{783A1D36-F692-43D8-922B-6CB02F57B7B1}"
EndProject
Project("{FAE04EC0-301F-11D3-BF4B-00C04F79EFBC}") = "Test", "Test\Test.csproj", "{A9F7F405-BE35-4DE9-BA52-015271ACC78C}"
EndProject
Global
	GlobalSection(SolutionConfigurationPlatforms) = preSolution
		Debug|Any CPU = Debug|Any CPU
		Release|Any CPU = Release|Any CPU
	EndGlobalSection
	GlobalSection(ProjectConfigurationPlatforms) = postSolution
		{783A1D36-F692-43D8-922B-6CB02F57B7B1}.Debug|Any CPU.ActiveCfg = Debug|Any CPU
		{783A1D36-F692-43D8-922B-6CB02F57B7B1}.Debug|Any CPU.Build.0 = Debug|Any CPU
		{783A1D36-F692-43D8-922B-6CB02F57B7B1}.Release|Any CPU.ActiveCfg = Release|Any CPU
		{783A1D36-F692-43D8-922B-6CB02F57B7B1}.Release|Any CPU.Build.0 = Release|Any CPU
		{A9F7F405-BE35-4DE9-BA52-015271ACC78C}.Debug|Any CPU.ActiveCfg = Debug|Any CPU
		{A9F7F405-BE35-4DE9-BA52-015271ACC78C}.Debug|Any CPU.Build.0 = Debug|Any CPU
		{A9F7F405-BE35-4DE9-BA52-015271ACC78C}.Release|Any CPU.ActiveCfg = Release|Any CPU
		{A9F7F405-BE35-4DE9-BA52-015271ACC78C}.Release|Any CPU.Build.0 = Release|Any CPU
	EndGlobalSection
EndGlobal
